
Microsoft Visual Studio Solution File, Format Version 12.00
# Visual Studio 15
VisualStudioVersion = 15.0.28307.438
MinimumVisualStudioVersion = 10.0.40219.1
Project("{FAE04EC0-301F-11D3-BF4B-00C04F79EFBC}") = "WindowsFormsApp1", "WindowsFormsApp1\WindowsFormsApp1.csproj", "{BCB20863-58CF-4057-A273-67845E658AB7}"
EndProject
Global
	GlobalSection(SolutionConfigurationPlatforms) = preSolution
		Debug|Any CPU = Debug|Any CPU
		Release|Any CPU = Release|Any CPU
	EndGlobalSection
	GlobalSection(ProjectConfigurationPlatforms) = postSolution
		{BCB20863-58CF-4057-A273-67845E658AB7}.Debug|Any CPU.ActiveCfg = Debug|Any CPU
		{BCB20863-58CF-4057-A273-67845E658AB7}.Debug|Any CPU.Build.0 = Debug|Any CPU
		{BCB20863-58CF-4057-A273-67845E658AB7}.Release|Any CPU.ActiveCfg = Release|Any CPU
		{BCB20863-58CF-4057-A273-67845E658AB7}.Release|Any CPU.Build.0 = Release|Any CPU
	EndGlobalSection
	GlobalSection(SolutionProperties) = preSolution
		HideSolutionNode = FALSE
	EndGlobalSection
	GlobalSection(ExtensibilityGlobals) = postSolution
		SolutionGuid = {B0773C8E-F78E-4589-95C5-87A297669D03}
	EndGlobalSection
EndGlobal
